
Microsoft Visual Studio Solution File, Format Version 12.00
# Visual Studio 15
VisualStudioVersion = 15.0.26403.3
MinimumVisualStudioVersion = 10.0.40219.1
Project("{8BC9CEB8-8B4A-11D0-8D11-00A0C91BC942}") = "RemLEDMatrix_Server", "RemLEDMatrix_Server\RemLEDMatrix_Server.vcxproj", "{E339DD5E-CFF6-4666-82B2-91006D0DED3C}"
EndProject
Project("{8BC9CEB8-8B4A-11D0-8D11-00A0C91BC942}") = "RemLEDMatrix_Client", "RemLEDMatrix_Client\RemLEDMatrix_Client.vcxproj", "{1D2B85CC-A57A-4FC4-97C8-197FE1E015A2}"
EndProject
Project("{8BC9CEB8-8B4A-11D0-8D11-00A0C91BC942}") = "RemLEDMatrix_Client_2", "RemLEDMatrix_Client_2\RemLEDMatrix_Client_2.vcxproj", "{12563BFC-990F-4773-AD88-8A34CA1032CF}"
EndProject
Global
	GlobalSection(SolutionConfigurationPlatforms) = preSolution
		Debug|Any CPU = Debug|Any CPU
		Debug|ARM = Debug|ARM
		Debug|x64 = Debug|x64
		Debug|x86 = Debug|x86
		Release|Any CPU = Release|Any CPU
		Release|ARM = Release|ARM
		Release|x64 = Release|x64
		Release|x86 = Release|x86
	EndGlobalSection
	GlobalSection(ProjectConfigurationPlatforms) = postSolution
		{E339DD5E-CFF6-4666-82B2-91006D0DED3C}.Debug|Any CPU.ActiveCfg = Debug|ARM
		{E339DD5E-CFF6-4666-82B2-91006D0DED3C}.Debug|ARM.ActiveCfg = Debug|ARM
		{E339DD5E-CFF6-4666-82B2-91006D0DED3C}.Debug|ARM.Build.0 = Debug|ARM
		{E339DD5E-CFF6-4666-82B2-91006D0DED3C}.Debug|x64.ActiveCfg = Debug|ARM
		{E339DD5E-CFF6-4666-82B2-91006D0DED3C}.Debug|x86.ActiveCfg = Debug|ARM
		{E339DD5E-CFF6-4666-82B2-91006D0DED3C}.Release|Any CPU.ActiveCfg = Release|ARM
		{E339DD5E-CFF6-4666-82B2-91006D0DED3C}.Release|ARM.ActiveCfg = Release|ARM
		{E339DD5E-CFF6-4666-82B2-91006D0DED3C}.Release|ARM.Build.0 = Release|ARM
		{E339DD5E-CFF6-4666-82B2-91006D0DED3C}.Release|x64.ActiveCfg = Release|ARM
		{E339DD5E-CFF6-4666-82B2-91006D0DED3C}.Release|x86.ActiveCfg = Release|ARM
		{1D2B85CC-A57A-4FC4-97C8-197FE1E015A2}.Debug|Any CPU.ActiveCfg = Debug|Win32
		{1D2B85CC-A57A-4FC4-97C8-197FE1E015A2}.Debug|ARM.ActiveCfg = Debug|Win32
		{1D2B85CC-A57A-4FC4-97C8-197FE1E015A2}.Debug|x64.ActiveCfg = Debug|x64
		{1D2B85CC-A57A-4FC4-97C8-197FE1E015A2}.Debug|x64.Build.0 = Debug|x64
		{1D2B85CC-A57A-4FC4-97C8-197FE1E015A2}.Debug|x86.ActiveCfg = Debug|Win32
		{1D2B85CC-A57A-4FC4-97C8-197FE1E015A2}.Debug|x86.Build.0 = Debug|Win32
		{1D2B85CC-A57A-4FC4-97C8-197FE1E015A2}.Release|Any CPU.ActiveCfg = Release|Win32
		{1D2B85CC-A57A-4FC4-97C8-197FE1E015A2}.Release|ARM.ActiveCfg = Release|Win32
		{1D2B85CC-A57A-4FC4-97C8-197FE1E015A2}.Release|x64.ActiveCfg = Release|x64
		{1D2B85CC-A57A-4FC4-97C8-197FE1E015A2}.Release|x64.Build.0 = Release|x64
		{1D2B85CC-A57A-4FC4-97C8-197FE1E015A2}.Release|x86.ActiveCfg = Release|Win32
		{1D2B85CC-A57A-4FC4-97C8-197FE1E015A2}.Release|x86.Build.0 = Release|Win32
		{12563BFC-990F-4773-AD88-8A34CA1032CF}.Debug|Any CPU.ActiveCfg = Debug|Win32
		{12563BFC-990F-4773-AD88-8A34CA1032CF}.Debug|ARM.ActiveCfg = Debug|Win32
		{12563BFC-990F-4773-AD88-8A34CA1032CF}.Debug|x64.ActiveCfg = Debug|x64
		{12563BFC-990F-4773-AD88-8A34CA1032CF}.Debug|x64.Build.0 = Debug|x64
		{12563BFC-990F-4773-AD88-8A34CA1032CF}.Debug|x86.ActiveCfg = Debug|Win32
		{12563BFC-990F-4773-AD88-8A34CA1032CF}.Debug|x86.Build.0 = Debug|Win32
		{12563BFC-990F-4773-AD88-8A34CA1032CF}.Release|Any CPU.ActiveCfg = Release|Win32
		{12563BFC-990F-4773-AD88-8A34CA1032CF}.Release|ARM.ActiveCfg = Release|Win32
		{12563BFC-990F-4773-AD88-8A34CA1032CF}.Release|x64.ActiveCfg = Release|x64
		{12563BFC-990F-4773-AD88-8A34CA1032CF}.Release|x64.Build.0 = Release|x64
		{12563BFC-990F-4773-AD88-8A34CA1032CF}.Release|x86.ActiveCfg = Release|Win32
		{12563BFC-990F-4773-AD88-8A34CA1032CF}.Release|x86.Build.0 = Release|Win32
	EndGlobalSection
	GlobalSection(SolutionProperties) = preSolution
		HideSolutionNode = FALSE
	EndGlobalSection
EndGlobal
